{
  "nodes": {
    "home-manager": {
      "inputs": {
        "nixpkgs": [
          "nixpkgs"
        ]
      },
      "locked": {
        "lastModified": 1713894582,
        "narHash": "sha256-pHJYZIVFmzPAwyTfcMGJwlfz18nOsS4p0CuDnI1EDL4=",
        "owner": "nix-community",
        "repo": "home-manager",
        "rev": "33a20182e3164f451b6a4ac2ecadcab5c2c36703",
        "type": "github"
      },
      "original": {
        "owner": "nix-community",
        "ref": "master",
        "repo": "home-manager",
        "type": "github"
      }
    },
    "nixpkgs": {
      "locked": {
        "lastModified": 1713725259,
        "narHash": "sha256-9ZR/Rbx5/Z/JZf5ehVNMoz/s5xjpP0a22tL6qNvLt5E=",
        "owner": "NixOS",
        "repo": "nixpkgs",
        "rev": "a5e4bbcb4780c63c79c87d29ea409abf097de3f7",
        "type": "github"
      },
      "original": {
        "owner": "NixOS",
        "ref": "nixos-23.11",
        "repo": "nixpkgs",
        "type": "github"
      }
    },
    "root": {
      "inputs": {
        "home-manager": "home-manager",
        "nixpkgs": "nixpkgs"
      }
    }
  },
  "root": "root",
  "version": 7
}
