{
  "nodes": {
    "baleia-nvim-src": {
      "flake": false,
      "locked": {
        "lastModified": 1721805312,
        "narHash": "sha256-qA1x5kplP2I8bURO0I4R0gt/zeznu9hQQ+XHptLGuwc=",
        "owner": "m00qek",
        "repo": "baleia.nvim",
        "rev": "1b25eac3ac03659c3d3af75c7455e179e5f197f7",
        "type": "github"
      },
      "original": {
        "owner": "m00qek",
        "repo": "baleia.nvim",
        "type": "github"
      }
    },
    "base16-nvim-src": {
      "flake": false,
      "locked": {
        "lastModified": 1716483968,
        "narHash": "sha256-GRF/6AobXHamw8TZ3FjL7SI6ulcpwpcohsIuZeCSh2A=",
        "owner": "RRethy",
        "repo": "base16-nvim",
        "rev": "6ac181b5733518040a33017dde654059cd771b7c",
        "type": "github"
      },
      "original": {
        "owner": "RRethy",
        "repo": "base16-nvim",
        "type": "github"
      }
    },
    "bufferline-nvim-src": {
      "flake": false,
      "locked": {
        "lastModified": 1706180994,
        "narHash": "sha256-/iGzUDJaodkUyWpwim8UtwaRuarfu/Nk6wxVApk+QxY=",
        "owner": "akinsho",
        "repo": "bufferline.nvim",
        "rev": "d6cb9b7cac52887bcac65f8698e67479553c0748",
        "type": "github"
      },
      "original": {
        "owner": "akinsho",
        "ref": "v4.5.0",
        "repo": "bufferline.nvim",
        "type": "github"
      }
    },
    "bypass-paywalls-clean": {
      "flake": false,
      "locked": {
        "narHash": "sha256-DLRxIkMkMminQ1ofs4wj96ZbXh8UpO1QV8kAY88ENuU=",
        "type": "file",
        "url": "https://github.com/bpc-clone/bpc_updates/releases/download/latest/bypass_paywalls_clean-3.7.4.0.xpi"
      },
      "original": {
        "type": "file",
        "url": "https://github.com/bpc-clone/bpc_updates/releases/download/latest/bypass_paywalls_clean-3.7.4.0.xpi"
      }
    },
    "cmp-nvim-lsp-src": {
      "flake": false,
      "locked": {
        "lastModified": 1715931395,
        "narHash": "sha256-CT1+Z4XJBVsl/RqvJeGmyitD6x7So0ylXvvef5jh7I8=",
        "owner": "hrsh7th",
        "repo": "cmp-nvim-lsp",
        "rev": "39e2eda76828d88b773cc27a3f61d2ad782c922d",
        "type": "github"
      },
      "original": {
        "owner": "hrsh7th",
        "repo": "cmp-nvim-lsp",
        "type": "github"
      }
    },
    "comment-nvim-src": {
      "flake": false,
      "locked": {
        "lastModified": 1681214440,
        "narHash": "sha256-48hy+hiaDJLlgWqC7IeZI3dT+VwWkRo4atQbyPxu/ys=",
        "owner": "numToStr",
        "repo": "Comment.nvim",
        "rev": "e51f2b142d88bb666dcaa77d93a07f4b419aca70",
        "type": "github"
      },
      "original": {
        "owner": "numToStr",
        "ref": "v0.8.0",
        "repo": "Comment.nvim",
        "type": "github"
      }
    },
    "fidget-nvim-src": {
      "flake": false,
      "locked": {
        "lastModified": 1704696337,
        "narHash": "sha256-uAX/RGfOmsUIUaDepNwUpK8MBaTMBJ4rLZ69y0MwpNE=",
        "owner": "j-hui",
        "repo": "fidget.nvim",
        "rev": "3a93300c076109d86c7ce35ec67a8034ae6ba9db",
        "type": "github"
      },
      "original": {
        "owner": "j-hui",
        "ref": "v1.2.0",
        "repo": "fidget.nvim",
        "type": "github"
      }
    },
    "flake-utils": {
      "inputs": {
        "systems": "systems"
      },
      "locked": {
        "lastModified": 1705309234,
        "narHash": "sha256-uNRRNRKmJyCRC/8y1RqBkqWBLM034y4qN7EprSdmgyA=",
        "owner": "numtide",
        "repo": "flake-utils",
        "rev": "1ef2e671c3b0c19053962c07dbda38332dcebf26",
        "type": "github"
      },
      "original": {
        "owner": "numtide",
        "repo": "flake-utils",
        "type": "github"
      }
    },
    "hmts-nvim-src": {
      "flake": false,
      "locked": {
        "lastModified": 1729786258,
        "narHash": "sha256-V5dwIJdxBulFVKk1iSlf4H5NRz1UH7uYQeMvwtgkpIs=",
        "owner": "calops",
        "repo": "hmts.nvim",
        "rev": "c7ff4c3ad96cd05664b18fb5bbbe2abbd7682dd2",
        "type": "github"
      },
      "original": {
        "owner": "calops",
        "repo": "hmts.nvim",
        "type": "github"
      }
    },
    "home-manager": {
      "inputs": {
        "nixpkgs": [
          "nixpkgs"
        ]
      },
      "locked": {
        "lastModified": 1726989464,
        "narHash": "sha256-Vl+WVTJwutXkimwGprnEtXc/s/s8sMuXzqXaspIGlwM=",
        "owner": "nix-community",
        "repo": "home-manager",
        "rev": "2f23fa308a7c067e52dfcc30a0758f47043ec176",
        "type": "github"
      },
      "original": {
        "owner": "nix-community",
        "ref": "release-24.05",
        "repo": "home-manager",
        "type": "github"
      }
    },
    "kitty-scrollback-nvim-src": {
      "flake": false,
      "locked": {
        "lastModified": 1731689360,
        "narHash": "sha256-PpBaVuZqlU5A9a7ryEvs5TcsM/uz3dzx7KGjA3tt3NU=",
        "owner": "mikesmithgh",
        "repo": "kitty-scrollback.nvim",
        "rev": "d52825b2a076586d1af156a066db2d18cd1fd8cb",
        "type": "github"
      },
      "original": {
        "owner": "mikesmithgh",
        "repo": "kitty-scrollback.nvim",
        "type": "github"
      }
    },
    "nix2vim": {
      "inputs": {
        "flake-utils": "flake-utils",
        "nixpkgs": [
          "nixpkgs"
        ]
      },
      "locked": {
        "lastModified": 1729103549,
        "narHash": "sha256-9caCn1wB0bD39bwwjnTsHoDveCUKs06nBe212fs5TKU=",
        "owner": "gytis-ivaskevicius",
        "repo": "nix2vim",
        "rev": "b3900e6d79233573f318006505d9ad3fb7170b92",
        "type": "github"
      },
      "original": {
        "owner": "gytis-ivaskevicius",
        "repo": "nix2vim",
        "type": "github"
      }
    },
    "nixpkgs": {
      "locked": {
        "lastModified": 1731797254,
        "narHash": "sha256-df3dJApLPhd11AlueuoN0Q4fHo/hagP75LlM5K1sz9g=",
        "owner": "nixos",
        "repo": "nixpkgs",
        "rev": "e8c38b73aeb218e27163376a2d617e61a2ad9b59",
        "type": "github"
      },
      "original": {
        "owner": "nixos",
        "ref": "nixos-24.05",
        "repo": "nixpkgs",
        "type": "github"
      }
    },
    "nixpkgs-stable": {
      "locked": {
        "lastModified": 1731797254,
        "narHash": "sha256-df3dJApLPhd11AlueuoN0Q4fHo/hagP75LlM5K1sz9g=",
        "owner": "nixos",
        "repo": "nixpkgs",
        "rev": "e8c38b73aeb218e27163376a2d617e61a2ad9b59",
        "type": "github"
      },
      "original": {
        "owner": "nixos",
        "ref": "nixos-24.05",
        "repo": "nixpkgs",
        "type": "github"
      }
    },
    "nur": {
      "locked": {
        "lastModified": 1732140964,
        "narHash": "sha256-OrmDjtdoUqsWE7DPwEgn+a3qcPMX21f7uCzMnDjxdFs=",
        "owner": "nix-community",
        "repo": "nur",
        "rev": "a1d4c79a93b4a56127c152f4eec71eee63f8f5e6",
        "type": "github"
      },
      "original": {
        "owner": "nix-community",
        "repo": "nur",
        "type": "github"
      }
    },
    "nvim-lint-src": {
      "flake": false,
      "locked": {
        "lastModified": 1731949743,
        "narHash": "sha256-DC9yGjJ0zM2quANcXZ2+DpVW6qXRm289VXoIId/QqY8=",
        "owner": "mfussenegger",
        "repo": "nvim-lint",
        "rev": "8e9562de7261e5b862c631958df616e1a65552cd",
        "type": "github"
      },
      "original": {
        "owner": "mfussenegger",
        "repo": "nvim-lint",
        "type": "github"
      }
    },
    "nvim-lspconfig-src": {
      "flake": false,
      "locked": {
        "lastModified": 1701687137,
        "narHash": "sha256-qFjFofA2LoD4yRfx4KGfSCpR3mDkpFaagcm+TVNPqco=",
        "owner": "neovim",
        "repo": "nvim-lspconfig",
        "rev": "cf3dd4a290084a868fac0e2e876039321d57111c",
        "type": "github"
      },
      "original": {
        "owner": "neovim",
        "ref": "v0.1.7",
        "repo": "nvim-lspconfig",
        "type": "github"
      }
    },
    "nvim-tree-lua-src": {
      "flake": false,
      "locked": {
        "lastModified": 1731884419,
        "narHash": "sha256-qwq6agwLislVMVfg2zrMQ137NOc5bVvsS+btfCFwcKE=",
        "owner": "kyazdani42",
        "repo": "nvim-tree.lua",
        "rev": "f7c65e11d695a084ca10b93df659bb7e68b71f9f",
        "type": "github"
      },
      "original": {
        "owner": "kyazdani42",
        "repo": "nvim-tree.lua",
        "type": "github"
      }
    },
    "nvim-treesitter-src": {
      "flake": false,
      "locked": {
        "lastModified": 1732085688,
        "narHash": "sha256-+GrUJiNKKdkUbdnLvDIlIpJfRc3eAGprCiWL3OYP8Zo=",
        "owner": "nvim-treesitter",
        "repo": "nvim-treesitter",
        "rev": "a3a732107f8b529f97bf4921b3e1af5dcc756bb6",
        "type": "github"
      },
      "original": {
        "owner": "nvim-treesitter",
        "ref": "master",
        "repo": "nvim-treesitter",
        "type": "github"
      }
    },
    "ren": {
      "flake": false,
      "locked": {
        "lastModified": 1704996573,
        "narHash": "sha256-zVIt6Xp+Mvym6gySvHIZJt1QgzKVP/wbTGTubWk6kzI=",
        "owner": "robenkleene",
        "repo": "ren-find",
        "rev": "50c40172e354caffee48932266edd7c7a76a20fd",
        "type": "github"
      },
      "original": {
        "owner": "robenkleene",
        "repo": "ren-find",
        "type": "github"
      }
    },
    "rep": {
      "flake": false,
      "locked": {
        "lastModified": 1707216692,
        "narHash": "sha256-/dH+mNtNHaYFndVhoqmz4Sc3HeemoQt1HGD98mb9Qhw=",
        "owner": "robenkleene",
        "repo": "rep-grep",
        "rev": "10510d47e392cb9d30a861c69f702fd194b3fa88",
        "type": "github"
      },
      "original": {
        "owner": "robenkleene",
        "repo": "rep-grep",
        "type": "github"
      }
    },
    "root": {
      "inputs": {
        "baleia-nvim-src": "baleia-nvim-src",
        "base16-nvim-src": "base16-nvim-src",
        "bufferline-nvim-src": "bufferline-nvim-src",
        "bypass-paywalls-clean": "bypass-paywalls-clean",
        "cmp-nvim-lsp-src": "cmp-nvim-lsp-src",
        "comment-nvim-src": "comment-nvim-src",
        "fidget-nvim-src": "fidget-nvim-src",
        "hmts-nvim-src": "hmts-nvim-src",
        "home-manager": "home-manager",
        "kitty-scrollback-nvim-src": "kitty-scrollback-nvim-src",
        "nix2vim": "nix2vim",
        "nixpkgs": "nixpkgs",
        "nixpkgs-stable": "nixpkgs-stable",
        "nur": "nur",
        "nvim-lint-src": "nvim-lint-src",
        "nvim-lspconfig-src": "nvim-lspconfig-src",
        "nvim-tree-lua-src": "nvim-tree-lua-src",
        "nvim-treesitter-src": "nvim-treesitter-src",
        "ren": "ren",
        "rep": "rep",
        "telescope-nvim-src": "telescope-nvim-src",
        "telescope-project-nvim-src": "telescope-project-nvim-src",
        "toggleterm-nvim-src": "toggleterm-nvim-src",
        "tree-sitter-bash": "tree-sitter-bash",
        "tree-sitter-ini": "tree-sitter-ini",
        "tree-sitter-lua": "tree-sitter-lua",
        "tree-sitter-puppet": "tree-sitter-puppet",
        "tree-sitter-python": "tree-sitter-python",
        "tree-sitter-rasi": "tree-sitter-rasi",
        "tree-sitter-vimdoc": "tree-sitter-vimdoc",
        "wallpapers": "wallpapers"
      }
    },
    "systems": {
      "locked": {
        "lastModified": 1681028828,
        "narHash": "sha256-Vy1rq5AaRuLzOxct8nz4T6wlgyUR7zLU309k9mBC768=",
        "owner": "nix-systems",
        "repo": "default",
        "rev": "da67096a3b9bf56a91d16901293e51ba5b49a27e",
        "type": "github"
      },
      "original": {
        "owner": "nix-systems",
        "repo": "default",
        "type": "github"
      }
    },
    "telescope-nvim-src": {
      "flake": false,
      "locked": {
        "lastModified": 1701167040,
        "narHash": "sha256-H5RpyWMluE+Yxg7xFX43AZTVW+Yg70DF3FmEGXBUSNg=",
        "owner": "nvim-telescope",
        "repo": "telescope.nvim",
        "rev": "d90956833d7c27e73c621a61f20b29fdb7122709",
        "type": "github"
      },
      "original": {
        "owner": "nvim-telescope",
        "ref": "0.1.5",
        "repo": "telescope.nvim",
        "type": "github"
      }
    },
    "telescope-project-nvim-src": {
      "flake": false,
      "locked": {
        "lastModified": 1732045459,
        "narHash": "sha256-GXTSvDqPDCG2mRPt0QRuSA9oXQzjNw/3p0CURqrKXpY=",
        "owner": "nvim-telescope",
        "repo": "telescope-project.nvim",
        "rev": "7dea0d37dc59f68cbd74459f74869ff740517a60",
        "type": "github"
      },
      "original": {
        "owner": "nvim-telescope",
        "repo": "telescope-project.nvim",
        "type": "github"
      }
    },
    "toggleterm-nvim-src": {
      "flake": false,
      "locked": {
        "lastModified": 1701858874,
        "narHash": "sha256-vJApw7XY2wOX9InfWcah+hkNxBfS1+kQUWr4ITxRmgA=",
        "owner": "akinsho",
        "repo": "toggleterm.nvim",
        "rev": "cbd041d91b90cd3c02df03fe6133208888f8e008",
        "type": "github"
      },
      "original": {
        "owner": "akinsho",
        "ref": "v2.9.0",
        "repo": "toggleterm.nvim",
        "type": "github"
      }
    },
    "tree-sitter-bash": {
      "flake": false,
      "locked": {
        "lastModified": 1731338420,
        "narHash": "sha256-JW+30zIyq8Xc7NG9V+YoFqC+57BjZXIbAvWPD2lqvIE=",
        "owner": "tree-sitter",
        "repo": "tree-sitter-bash",
        "rev": "49c31006d8307dcb12bc5770f35b6d5b9e2be68e",
        "type": "github"
      },
      "original": {
        "owner": "tree-sitter",
        "ref": "master",
        "repo": "tree-sitter-bash",
        "type": "github"
      }
    },
    "tree-sitter-ini": {
      "flake": false,
      "locked": {
        "lastModified": 1725233451,
        "narHash": "sha256-G11Aynq2rnkRwdkhspjYqtBD/h5k4aD+NvuE0QfploU=",
        "owner": "justinmk",
        "repo": "tree-sitter-ini",
        "rev": "962568c9efa71d25720ab42c5d36e222626ef3a6",
        "type": "github"
      },
      "original": {
        "owner": "justinmk",
        "repo": "tree-sitter-ini",
        "type": "github"
      }
    },
    "tree-sitter-lua": {
      "flake": false,
      "locked": {
        "lastModified": 1729494737,
        "narHash": "sha256-v+fFcIOv+bu+2IGI/Lh/Xbqd5BzbBjaa51ECd0hG7Ow=",
        "owner": "MunifTanjim",
        "repo": "tree-sitter-lua",
        "rev": "34e60e7f45fc313463c68090d88d742a55d1bd7a",
        "type": "github"
      },
      "original": {
        "owner": "MunifTanjim",
        "ref": "main",
        "repo": "tree-sitter-lua",
        "type": "github"
      }
    },
    "tree-sitter-puppet": {
      "flake": false,
      "locked": {
        "lastModified": 1713617121,
        "narHash": "sha256-+zMgzyuGerJ8l+i5ZtWnmGr3i4fFiSLD5FssyKESsmI=",
        "owner": "amaanq",
        "repo": "tree-sitter-puppet",
        "rev": "584522f32495d648b18a53ccb52d988e60de127d",
        "type": "github"
      },
      "original": {
        "owner": "amaanq",
        "repo": "tree-sitter-puppet",
        "type": "github"
      }
    },
    "tree-sitter-python": {
      "flake": false,
      "locked": {
        "lastModified": 1731308116,
        "narHash": "sha256-/jYGi2yksifMGPitlS8oM/g3YrR7RJ57imBhEyow/jc=",
        "owner": "tree-sitter",
        "repo": "tree-sitter-python",
        "rev": "6d14e44ea217bc5bb1c1804180e9818d7d1b8d91",
        "type": "github"
      },
      "original": {
        "owner": "tree-sitter",
        "ref": "master",
        "repo": "tree-sitter-python",
        "type": "github"
      }
    },
    "tree-sitter-rasi": {
      "flake": false,
      "locked": {
        "lastModified": 1716296585,
        "narHash": "sha256-sPrIVgGGaBaXeqHNxjcdJ/S2FvxyV6rD9UPKU/tpspw=",
        "owner": "Fymyte",
        "repo": "tree-sitter-rasi",
        "rev": "6c9bbcfdf5f0f553d9ebc01750a3aa247a37b8aa",
        "type": "github"
      },
      "original": {
        "owner": "Fymyte",
        "repo": "tree-sitter-rasi",
        "type": "github"
      }
    },
    "tree-sitter-vimdoc": {
      "flake": false,
      "locked": {
        "lastModified": 1729686839,
        "narHash": "sha256-Vrl4/cZL+TWlUMEeWZoHCAWhvlefcl3ajGcwyTNKOhI=",
        "owner": "neovim",
        "repo": "tree-sitter-vimdoc",
        "rev": "d2e4b5c172a109966c2ce0378f73df6cede39400",
        "type": "github"
      },
      "original": {
        "owner": "neovim",
        "repo": "tree-sitter-vimdoc",
        "type": "github"
      }
    },
    "wallpapers": {
      "flake": false,
      "locked": {
        "lastModified": 1657544922,
        "narHash": "sha256-1c1uDz37MhksWC75myv6jao5q2mIzD8X8I+TykXXmWg=",
        "owner": "exorcist365",
        "repo": "wallpapers",
        "rev": "8d2860ac6c05cec0f78d5c9d07510f4ff5da90dc",
        "type": "gitlab"
      },
      "original": {
        "owner": "exorcist365",
        "repo": "wallpapers",
        "type": "gitlab"
      }
    }
  },
  "root": "root",
  "version": 7
}
